{
  "name": "render-webrtc-signal-server",
  "version": "1.0.0",
  "lockfileVersion": 3,
  "requires": true,
  "packages": {
    "": {
      "name": "render-webrtc-signal-server",
      "version": "1.0.0",
      "license": "ISC",
      "dependencies": {
        "@papit/signaling-server": "^0.0.1"
      }
    },
    "node_modules/@papit/signaling-server": {
      "version": "0.0.1",
      "resolved": "https://registry.npmjs.org/@papit/signaling-server/-/signaling-server-0.0.1.tgz",
      "integrity": "sha512-jJD4HF6gqQB/T7/LTJ2zNA1NNeS+Jj81b+1Rw+6JMo9alBSslPanuOXihyJOoiGtaLrYMZOUdiESpGXWvgY5DA==",
      "dependencies": {
        "tslib": "^2.5.0",
        "ws": "^8.18.2"
      },
      "bin": {
        "server": "bin/cli.sh"
      }
    },
    "node_modules/tslib": {
      "version": "2.8.1",
      "resolved": "https://registry.npmjs.org/tslib/-/tslib-2.8.1.tgz",
      "integrity": "sha512-oJFu94HQb+KVduSUQL7wnpmqnfmLsOA/nAh6b6EH0wCEoK0/mPeXU6c3wKDV83MkOuHPRHtSXKKU99IBazS/2w=="
    },
    "node_modules/ws": {
      "version": "8.18.3",
      "resolved": "https://registry.npmjs.org/ws/-/ws-8.18.3.tgz",
      "integrity": "sha512-PEIGCY5tSlUt50cqyMXfCzX+oOPqN0vuGqWzbcJ2xvnkzkq46oOpz7dQaTDBdfICb4N14+GARUDw2XV2N4tvzg==",
      "engines": {
        "node": ">=10.0.0"
      },
      "peerDependencies": {
        "bufferutil": "^4.0.1",
        "utf-8-validate": ">=5.0.2"
      },
      "peerDependenciesMeta": {
        "bufferutil": {
          "optional": true
        },
        "utf-8-validate": {
          "optional": true
        }
      }
    }
  }
}
